// !$*UTF8*$!
{
	archiveVersion = 1;
	classes = {
	};
	objectVersion = 46;
	objects = {

/* Begin PBXBuildFile section */
		F479527A17886C1C001586EC /* UIKit.framework in Frameworks */ = {isa = PBXBuildFile; fileRef = F479527917886C1C001586EC /* UIKit.framework */; };
		F479527C17886C1C001586EC /* Foundation.framework in Frameworks */ = {isa = PBXBuildFile; fileRef = F479527B17886C1C001586EC /* Foundation.framework */; };
		F479527E17886C1C001586EC /* CoreGraphics.framework in Frameworks */ = {isa = PBXBuildFile; fileRef = F479527D17886C1C001586EC /* CoreGraphics.framework */; };
		F479528417886C1C001586EC /* InfoPlist.strings in Resources */ = {isa = PBXBuildFile; fileRef = F479528217886C1C001586EC /* InfoPlist.strings */; };
		F479528617886C1C001586EC /* main.m in Sources */ = {isa = PBXBuildFile; fileRef = F479528517886C1C001586EC /* main.m */; };
		F479528A17886C1C001586EC /* AppDelegate.m in Sources */ = {isa = PBXBuildFile; fileRef = F479528917886C1C001586EC /* AppDelegate.m */; };
		F479528C17886C1C001586EC /* Default.png in Resources */ = {isa = PBXBuildFile; fileRef = F479528B17886C1C001586EC /* Default.png */; };
		F479528E17886C1C001586EC /* Default@2x.png in Resources */ = {isa = PBXBuildFile; fileRef = F479528D17886C1C001586EC /* Default@2x.png */; };
		F479529017886C1C001586EC /* Default-568h@2x.png in Resources */ = {isa = PBXBuildFile; fileRef = F479528F17886C1C001586EC /* Default-568h@2x.png */; };
		F479529317886C1C001586EC /* MainStoryboard.storyboard in Resources */ = {isa = PBXBuildFile; fileRef = F479529117886C1C001586EC /* MainStoryboard.storyboard */; };
		F479529E17886C7D001586EC /* AttachmentTableViewController.m in Sources */ = {isa = PBXBuildFile; fileRef = F479529D17886C7D001586EC /* AttachmentTableViewController.m */; };
		F47952AD1789996D001586EC /* 10 Great iPhone Tips.pdf in Resources */ = {isa = PBXBuildFile; fileRef = F47952A01789996D001586EC /* 10 Great iPhone Tips.pdf */; };
		F47952AE1789996D001586EC /* camera-photo-tips.html in Resources */ = {isa = PBXBuildFile; fileRef = F47952A11789996D001586EC /* camera-photo-tips.html */; };
		F47952AF1789996D001586EC /* foggy.jpg in Resources */ = {isa = PBXBuildFile; fileRef = F47952A21789996D001586EC /* foggy.jpg */; };
		F47952B01789996D001586EC /* Hello World.ppt in Resources */ = {isa = PBXBuildFile; fileRef = F47952A31789996D001586EC /* Hello World.ppt */; };
		F47952B11789996D001586EC /* icon0.png in Resources */ = {isa = PBXBuildFile; fileRef = F47952A41789996D001586EC /* icon0.png */; };
		F47952B21789996D001586EC /* icon1.png in Resources */ = {isa = PBXBuildFile; fileRef = F47952A51789996D001586EC /* icon1.png */; };
		F47952B31789996D001586EC /* icon2.png in Resources */ = {isa = PBXBuildFile; fileRef = F47952A61789996D001586EC /* icon2.png */; };
		F47952B41789996D001586EC /* icon3.png in Resources */ = {isa = PBXBuildFile; fileRef = F47952A71789996D001586EC /* icon3.png */; };
		F47952B51789996D001586EC /* icon4.png in Resources */ = {isa = PBXBuildFile; fileRef = F47952A81789996D001586EC /* icon4.png */; };
		F47952B61789996D001586EC /* icon5.png in Resources */ = {isa = PBXBuildFile; fileRef = F47952A91789996D001586EC /* icon5.png */; };
		F47952B71789996D001586EC /* media.png in Resources */ = {isa = PBXBuildFile; fileRef = F47952AA1789996D001586EC /* media.png */; };
		F47952B81789996D001586EC /* no more complaint.png in Resources */ = {isa = PBXBuildFile; fileRef = F47952AB1789996D001586EC /* no more complaint.png */; };
		F47952BC17899BE6001586EC /* AttachmentTableViewCell.m in Sources */ = {isa = PBXBuildFile; fileRef = F47952BB17899BE6001586EC /* AttachmentTableViewCell.m */; };
		F47952BE17899D24001586EC /* Why Appcoda.doc in Resources */ = {isa = PBXBuildFile; fileRef = F47952BD17899D24001586EC /* Why Appcoda.doc */; };
		F4C8A0131790F92E009870F6 /* MessageUI.framework in Frameworks */ = {isa = PBXBuildFile; fileRef = F47952BF17899DD8001586EC /* MessageUI.framework */; };
/* End PBXBuildFile section */

/* Begin PBXFileReference section */
		F479527617886C1C001586EC /* SMSDemo.app */ = {isa = PBXFileReference; explicitFileType = wrapper.application; includeInIndex = 0; path = SMSDemo.app; sourceTree = BUILT_PRODUCTS_DIR; };
		F479527917886C1C001586EC /* UIKit.framework */ = {isa = PBXFileReference; lastKnownFileType = wrapper.framework; name = UIKit.framework; path = System/Library/Frameworks/UIKit.framework; sourceTree = SDKROOT; };
		F479527B17886C1C001586EC /* Foundation.framework */ = {isa = PBXFileReference; lastKnownFileType = wrapper.framework; name = Foundation.framework; path = System/Library/Frameworks/Foundation.framework; sourceTree = SDKROOT; };
		F479527D17886C1C001586EC /* CoreGraphics.framework */ = {isa = PBXFileReference; lastKnownFileType = wrapper.framework; name = CoreGraphics.framework; path = System/Library/Frameworks/CoreGraphics.framework; sourceTree = SDKROOT; };
		F479528117886C1C001586EC /* SMSDemo-Info.plist */ = {isa = PBXFileReference; lastKnownFileType = text.plist.xml; path = "SMSDemo-Info.plist"; sourceTree = "<group>"; };
		F479528317886C1C001586EC /* en */ = {isa = PBXFileReference; lastKnownFileType = text.plist.strings; name = en; path = en.lproj/InfoPlist.strings; sourceTree = "<group>"; };
		F479528517886C1C001586EC /* main.m */ = {isa = PBXFileReference; lastKnownFileType = sourcecode.c.objc; path = main.m; sourceTree = "<group>"; };
		F479528717886C1C001586EC /* SMSDemo-Prefix.pch */ = {isa = PBXFileReference; lastKnownFileType = sourcecode.c.h; path = "SMSDemo-Prefix.pch"; sourceTree = "<group>"; };
		F479528817886C1C001586EC /* AppDelegate.h */ = {isa = PBXFileReference; lastKnownFileType = sourcecode.c.h; path = AppDelegate.h; sourceTree = "<group>"; };
		F479528917886C1C001586EC /* AppDelegate.m */ = {isa = PBXFileReference; lastKnownFileType = sourcecode.c.objc; path = AppDelegate.m; sourceTree = "<group>"; };
		F479528B17886C1C001586EC /* Default.png */ = {isa = PBXFileReference; lastKnownFileType = image.png; path = Default.png; sourceTree = "<group>"; };
		F479528D17886C1C001586EC /* Default@2x.png */ = {isa = PBXFileReference; lastKnownFileType = image.png; path = "Default@2x.png"; sourceTree = "<group>"; };
		F479528F17886C1C001586EC /* Default-568h@2x.png */ = {isa = PBXFileReference; lastKnownFileType = image.png; path = "Default-568h@2x.png"; sourceTree = "<group>"; };
		F479529217886C1C001586EC /* en */ = {isa = PBXFileReference; lastKnownFileType = file.storyboard; name = en; path = en.lproj/MainStoryboard.storyboard; sourceTree = "<group>"; };
		F479529C17886C7D001586EC /* AttachmentTableViewController.h */ = {isa = PBXFileReference; fileEncoding = 4; lastKnownFileType = sourcecode.c.h; path = AttachmentTableViewController.h; sourceTree = "<group>"; };
		F479529D17886C7D001586EC /* AttachmentTableViewController.m */ = {isa = PBXFileReference; fileEncoding = 4; lastKnownFileType = sourcecode.c.objc; path = AttachmentTableViewController.m; sourceTree = "<group>"; };
		F47952A01789996D001586EC /* 10 Great iPhone Tips.pdf */ = {isa = PBXFileReference; lastKnownFileType = image.pdf; name = "10 Great iPhone Tips.pdf"; path = "images/10 Great iPhone Tips.pdf"; sourceTree = "<group>"; };
		F47952A11789996D001586EC /* camera-photo-tips.html */ = {isa = PBXFileReference; fileEncoding = 4; lastKnownFileType = text.html; name = "camera-photo-tips.html"; path = "images/camera-photo-tips.html"; sourceTree = "<group>"; };
		F47952A21789996D001586EC /* foggy.jpg */ = {isa = PBXFileReference; lastKnownFileType = image.jpeg; name = foggy.jpg; path = images/foggy.jpg; sourceTree = "<group>"; };
		F47952A31789996D001586EC /* Hello World.ppt */ = {isa = PBXFileReference; lastKnownFileType = file; name = "Hello World.ppt"; path = "images/Hello World.ppt"; sourceTree = "<group>"; };
		F47952A41789996D001586EC /* icon0.png */ = {isa = PBXFileReference; lastKnownFileType = image.png; name = icon0.png; path = images/icon0.png; sourceTree = "<group>"; };
		F47952A51789996D001586EC /* icon1.png */ = {isa = PBXFileReference; lastKnownFileType = image.png; name = icon1.png; path = images/icon1.png; sourceTree = "<group>"; };
		F47952A61789996D001586EC /* icon2.png */ = {isa = PBXFileReference; lastKnownFileType = image.png; name = icon2.png; path = images/icon2.png; sourceTree = "<group>"; };
		F47952A71789996D001586EC /* icon3.png */ = {isa = PBXFileReference; lastKnownFileType = image.png; name = icon3.png; path = images/icon3.png; sourceTree = "<group>"; };
		F47952A81789996D001586EC /* icon4.png */ = {isa = PBXFileReference; lastKnownFileType = image.png; name = icon4.png; path = images/icon4.png; sourceTree = "<group>"; };
		F47952A91789996D001586EC /* icon5.png */ = {isa = PBXFileReference; lastKnownFileType = image.png; name = icon5.png; path = images/icon5.png; sourceTree = "<group>"; };
		F47952AA1789996D001586EC /* media.png */ = {isa = PBXFileReference; lastKnownFileType = image.png; name = media.png; path = images/media.png; sourceTree = "<group>"; };
		F47952AB1789996D001586EC /* no more complaint.png */ = {isa = PBXFileReference; lastKnownFileType = image.png; name = "no more complaint.png"; path = "images/no more complaint.png"; sourceTree = "<group>"; };
		F47952BA17899BE6001586EC /* AttachmentTableViewCell.h */ = {isa = PBXFileReference; fileEncoding = 4; lastKnownFileType = sourcecode.c.h; path = AttachmentTableViewCell.h; sourceTree = "<group>"; };
		F47952BB17899BE6001586EC /* AttachmentTableViewCell.m */ = {isa = PBXFileReference; fileEncoding = 4; lastKnownFileType = sourcecode.c.objc; path = AttachmentTableViewCell.m; sourceTree = "<group>"; };
		F47952BD17899D24001586EC /* Why Appcoda.doc */ = {isa = PBXFileReference; lastKnownFileType = file; name = "Why Appcoda.doc"; path = "images/Why Appcoda.doc"; sourceTree = "<group>"; };
		F47952BF17899DD8001586EC /* MessageUI.framework */ = {isa = PBXFileReference; lastKnownFileType = wrapper.framework; name = MessageUI.framework; path = System/Library/Frameworks/MessageUI.framework; sourceTree = SDKROOT; };
/* End PBXFileReference section */

/* Begin PBXFrameworksBuildPhase section */
		F479527317886C1C001586EC /* Frameworks */ = {
			isa = PBXFrameworksBuildPhase;
			buildActionMask = 2147483647;
			files = (
				F4C8A0131790F92E009870F6 /* MessageUI.framework in Frameworks */,
				F479527A17886C1C001586EC /* UIKit.framework in Frameworks */,
				F479527C17886C1C001586EC /* Foundation.framework in Frameworks */,
				F479527E17886C1C001586EC /* CoreGraphics.framework in Frameworks */,
			);
			runOnlyForDeploymentPostprocessing = 0;
		};
/* End PBXFrameworksBuildPhase section */

/* Begin PBXGroup section */
		F479526D17886C1C001586EC = {
			isa = PBXGroup;
			children = (
				F47952BF17899DD8001586EC /* MessageUI.framework */,
				F479527F17886C1C001586EC /* SMSDemo */,
				F479527817886C1C001586EC /* Frameworks */,
				F479527717886C1C001586EC /* Products */,
			);
			sourceTree = "<group>";
		};
		F479527717886C1C001586EC /* Products */ = {
			isa = PBXGroup;
			children = (
				F479527617886C1C001586EC /* SMSDemo.app */,
			);
			name = Products;
			sourceTree = "<group>";
		};
		F479527817886C1C001586EC /* Frameworks */ = {
			isa = PBXGroup;
			children = (
				F479527917886C1C001586EC /* UIKit.framework */,
				F479527B17886C1C001586EC /* Foundation.framework */,
				F479527D17886C1C001586EC /* CoreGraphics.framework */,
			);
			name = Frameworks;
			sourceTree = "<group>";
		};
		F479527F17886C1C001586EC /* SMSDemo */ = {
			isa = PBXGroup;
			children = (
				F479528817886C1C001586EC /* AppDelegate.h */,
				F479528917886C1C001586EC /* AppDelegate.m */,
				F47952BA17899BE6001586EC /* AttachmentTableViewCell.h */,
				F47952BB17899BE6001586EC /* AttachmentTableViewCell.m */,
				F479529117886C1C001586EC /* MainStoryboard.storyboard */,
				F479529C17886C7D001586EC /* AttachmentTableViewController.h */,
				F479529D17886C7D001586EC /* AttachmentTableViewController.m */,
				F479528017886C1C001586EC /* Supporting Files */,
			);
			name = SMSDemo;
			path = EmailAttachment;
			sourceTree = "<group>";
		};
		F479528017886C1C001586EC /* Supporting Files */ = {
			isa = PBXGroup;
			children = (
				F479529F1789803E001586EC /* Images */,
				F479528117886C1C001586EC /* SMSDemo-Info.plist */,
				F479528217886C1C001586EC /* InfoPlist.strings */,
				F479528517886C1C001586EC /* main.m */,
				F479528717886C1C001586EC /* SMSDemo-Prefix.pch */,
				F479528B17886C1C001586EC /* Default.png */,
				F479528D17886C1C001586EC /* Default@2x.png */,
				F479528F17886C1C001586EC /* Default-568h@2x.png */,
			);
			name = "Supporting Files";
			sourceTree = "<group>";
		};
		F479529F1789803E001586EC /* Images */ = {
			isa = PBXGroup;
			children = (
				F47952A01789996D001586EC /* 10 Great iPhone Tips.pdf */,
				F47952A11789996D001586EC /* camera-photo-tips.html */,
				F47952A21789996D001586EC /* foggy.jpg */,
				F47952A31789996D001586EC /* Hello World.ppt */,
				F47952A41789996D001586EC /* icon0.png */,
				F47952A51789996D001586EC /* icon1.png */,
				F47952A61789996D001586EC /* icon2.png */,
				F47952A71789996D001586EC /* icon3.png */,
				F47952A81789996D001586EC /* icon4.png */,
				F47952A91789996D001586EC /* icon5.png */,
				F47952AA1789996D001586EC /* media.png */,
				F47952AB1789996D001586EC /* no more complaint.png */,
				F47952BD17899D24001586EC /* Why Appcoda.doc */,
			);
			name = Images;
			sourceTree = "<group>";
		};
/* End PBXGroup section */

/* Begin PBXNativeTarget section */
		F479527517886C1C001586EC /* SMSDemo */ = {
			isa = PBXNativeTarget;
			buildConfigurationList = F479529917886C1C001586EC /* Build configuration list for PBXNativeTarget "SMSDemo" */;
			buildPhases = (
				F479527217886C1C001586EC /* Sources */,
				F479527317886C1C001586EC /* Frameworks */,
				F479527417886C1C001586EC /* Resources */,
			);
			buildRules = (
			);
			dependencies = (
			);
			name = SMSDemo;
			productName = EmailAttachment;
			productReference = F479527617886C1C001586EC /* SMSDemo.app */;
			productType = "com.apple.product-type.application";
		};
/* End PBXNativeTarget section */

/* Begin PBXProject section */
		F479526E17886C1C001586EC /* Project object */ = {
			isa = PBXProject;
			attributes = {
				LastUpgradeCheck = 0460;
				ORGANIZATIONNAME = Appcoda;
			};
			buildConfigurationList = F479527117886C1C001586EC /* Build configuration list for PBXProject "SMSDemo" */;
			compatibilityVersion = "Xcode 3.2";
			developmentRegion = English;
			hasScannedForEncodings = 0;
			knownRegions = (
				en,
			);
			mainGroup = F479526D17886C1C001586EC;
			productRefGroup = F479527717886C1C001586EC /* Products */;
			projectDirPath = "";
			projectRoot = "";
			targets = (
				F479527517886C1C001586EC /* SMSDemo */,
			);
		};
/* End PBXProject section */

/* Begin PBXResourcesBuildPhase section */
		F479527417886C1C001586EC /* Resources */ = {
			isa = PBXResourcesBuildPhase;
			buildActionMask = 2147483647;
			files = (
				F479528417886C1C001586EC /* InfoPlist.strings in Resources */,
				F479528C17886C1C001586EC /* Default.png in Resources */,
				F479528E17886C1C001586EC /* Default@2x.png in Resources */,
				F479529017886C1C001586EC /* Default-568h@2x.png in Resources */,
				F479529317886C1C001586EC /* MainStoryboard.storyboard in Resources */,
				F47952AD1789996D001586EC /* 10 Great iPhone Tips.pdf in Resources */,
				F47952AE1789996D001586EC /* camera-photo-tips.html in Resources */,
				F47952AF1789996D001586EC /* foggy.jpg in Resources */,
				F47952B01789996D001586EC /* Hello World.ppt in Resources */,
				F47952B11789996D001586EC /* icon0.png in Resources */,
				F47952B21789996D001586EC /* icon1.png in Resources */,
				F47952B31789996D001586EC /* icon2.png in Resources */,
				F47952B41789996D001586EC /* icon3.png in Resources */,
				F47952B51789996D001586EC /* icon4.png in Resources */,
				F47952B61789996D001586EC /* icon5.png in Resources */,
				F47952B71789996D001586EC /* media.png in Resources */,
				F47952B81789996D001586EC /* no more complaint.png in Resources */,
				F47952BE17899D24001586EC /* Why Appcoda.doc in Resources */,
			);
			runOnlyForDeploymentPostprocessing = 0;
		};
/* End PBXResourcesBuildPhase section */

/* Begin PBXSourcesBuildPhase section */
		F479527217886C1C001586EC /* Sources */ = {
			isa = PBXSourcesBuildPhase;
			buildActionMask = 2147483647;
			files = (
				F479528617886C1C001586EC /* main.m in Sources */,
				F479528A17886C1C001586EC /* AppDelegate.m in Sources */,
				F479529E17886C7D001586EC /* AttachmentTableViewController.m in Sources */,
				F47952BC17899BE6001586EC /* AttachmentTableViewCell.m in Sources */,
			);
			runOnlyForDeploymentPostprocessing = 0;
		};
/* End PBXSourcesBuildPhase section */

/* Begin PBXVariantGroup section */
		F479528217886C1C001586EC /* InfoPlist.strings */ = {
			isa = PBXVariantGroup;
			children = (
				F479528317886C1C001586EC /* en */,
			);
			name = InfoPlist.strings;
			sourceTree = "<group>";
		};
		F479529117886C1C001586EC /* MainStoryboard.storyboard */ = {
			isa = PBXVariantGroup;
			children = (
				F479529217886C1C001586EC /* en */,
			);
			name = MainStoryboard.storyboard;
			sourceTree = "<group>";
		};
/* End PBXVariantGroup section */

/* Begin XCBuildConfiguration section */
		F479529717886C1C001586EC /* Debug */ = {
			isa = XCBuildConfiguration;
			buildSettings = {
				ALWAYS_SEARCH_USER_PATHS = NO;
				CLANG_CXX_LANGUAGE_STANDARD = "gnu++0x";
				CLANG_CXX_LIBRARY = "libc++";
				CLANG_ENABLE_OBJC_ARC = YES;
				CLANG_WARN_CONSTANT_CONVERSION = YES;
				CLANG_WARN_EMPTY_BODY = YES;
				CLANG_WARN_ENUM_CONVERSION = YES;
				CLANG_WARN_INT_CONVERSION = YES;
				CLANG_WARN__DUPLICATE_METHOD_MATCH = YES;
				"CODE_SIGN_IDENTITY[sdk=iphoneos*]" = "iPhone Developer";
				COPY_PHASE_STRIP = NO;
				GCC_C_LANGUAGE_STANDARD = gnu99;
				GCC_DYNAMIC_NO_PIC = NO;
				GCC_OPTIMIZATION_LEVEL = 0;
				GCC_PREPROCESSOR_DEFINITIONS = (
					"DEBUG=1",
					"$(inherited)",
				);
				GCC_SYMBOLS_PRIVATE_EXTERN = NO;
				GCC_WARN_ABOUT_RETURN_TYPE = YES;
				GCC_WARN_UNINITIALIZED_AUTOS = YES;
				GCC_WARN_UNUSED_VARIABLE = YES;
				IPHONEOS_DEPLOYMENT_TARGET = 6.1;
				ONLY_ACTIVE_ARCH = YES;
				SDKROOT = iphoneos;
			};
			name = Debug;
		};
		F479529817886C1C001586EC /* Release */ = {
			isa = XCBuildConfiguration;
			buildSettings = {
				ALWAYS_SEARCH_USER_PATHS = NO;
				CLANG_CXX_LANGUAGE_STANDARD = "gnu++0x";
				CLANG_CXX_LIBRARY = "libc++";
				CLANG_ENABLE_OBJC_ARC = YES;
				CLANG_WARN_CONSTANT_CONVERSION = YES;
				CLANG_WARN_EMPTY_BODY = YES;
				CLANG_WARN_ENUM_CONVERSION = YES;
				CLANG_WARN_INT_CONVERSION = YES;
				CLANG_WARN__DUPLICATE_METHOD_MATCH = YES;
				"CODE_SIGN_IDENTITY[sdk=iphoneos*]" = "iPhone Developer";
				COPY_PHASE_STRIP = YES;
				GCC_C_LANGUAGE_STANDARD = gnu99;
				GCC_WARN_ABOUT_RETURN_TYPE = YES;
				GCC_WARN_UNINITIALIZED_AUTOS = YES;
				GCC_WARN_UNUSED_VARIABLE = YES;
				IPHONEOS_DEPLOYMENT_TARGET = 6.1;
				OTHER_CFLAGS = "-DNS_BLOCK_ASSERTIONS=1";
				SDKROOT = iphoneos;
				VALIDATE_PRODUCT = YES;
			};
			name = Release;
		};
		F479529A17886C1C001586EC /* Debug */ = {
			isa = XCBuildConfiguration;
			buildSettings = {
				GCC_PRECOMPILE_PREFIX_HEADER = YES;
				GCC_PREFIX_HEADER = "EmailAttachment/SMSDemo-Prefix.pch";
				INFOPLIST_FILE = "EmailAttachment/SMSDemo-Info.plist";
				PRODUCT_NAME = SMSDemo;
				WRAPPER_EXTENSION = app;
			};
			name = Debug;
		};
		F479529B17886C1C001586EC /* Release */ = {
			isa = XCBuildConfiguration;
			buildSettings = {
				GCC_PRECOMPILE_PREFIX_HEADER = YES;
				GCC_PREFIX_HEADER = "EmailAttachment/SMSDemo-Prefix.pch";
				INFOPLIST_FILE = "EmailAttachment/SMSDemo-Info.plist";
				PRODUCT_NAME = SMSDemo;
				WRAPPER_EXTENSION = app;
			};
			name = Release;
		};
/* End XCBuildConfiguration section */

/* Begin XCConfigurationList section */
		F479527117886C1C001586EC /* Build configuration list for PBXProject "SMSDemo" */ = {
			isa = XCConfigurationList;
			buildConfigurations = (
				F479529717886C1C001586EC /* Debug */,
				F479529817886C1C001586EC /* Release */,
			);
			defaultConfigurationIsVisible = 0;
			defaultConfigurationName = Release;
		};
		F479529917886C1C001586EC /* Build configuration list for PBXNativeTarget "SMSDemo" */ = {
			isa = XCConfigurationList;
			buildConfigurations = (
				F479529A17886C1C001586EC /* Debug */,
				F479529B17886C1C001586EC /* Release */,
			);
			defaultConfigurationIsVisible = 0;
			defaultConfigurationName = Release;
		};
/* End XCConfigurationList section */
	};
	rootObject = F479526E17886C1C001586EC /* Project object */;
}
